hash: cc83a8e4cd233cd445e0d1a207d0b1acd8441a9c0920c817e5057f35d8035bd6
updated: 2017-06-24T10:15:02.261581608+08:00
imports:
- name: github.com/go-chi/chi
  version: 18d990c0d1c023b05a3652d322ae36d8bdb62e07
- name: github.com/pressly/chi
  version: 967844826e58cf31213a7dfb82455d242ad85101
  subpackages:
  - middleware
testImports: []
